// !$*UTF8*$!
{
	archiveVersion = 1;
	classes = {
	};
	objectVersion = 48;
	objects = {

/* Begin PBXBuildFile section */
		6F2DFB6521A6FE8B003B6E08 /* CategoryViewController.swift in Sources */ = {isa = PBXBuildFile; fileRef = 6F2DFB6421A6FE8B003B6E08 /* CategoryViewController.swift */; };
		6FABB11421A8C37B0085B3D0 /* Item.swift in Sources */ = {isa = PBXBuildFile; fileRef = 6FABB11321A8C37B0085B3D0 /* Item.swift */; };
		6FABB11821A8C3BF0085B3D0 /* Category.swift in Sources */ = {isa = PBXBuildFile; fileRef = 6FABB11721A8C3BF0085B3D0 /* Category.swift */; };
		6FE4819621A46458002E361A /* AppDelegate.swift in Sources */ = {isa = PBXBuildFile; fileRef = 6FE4819521A46458002E361A /* AppDelegate.swift */; };
		6FE4819821A46458002E361A /* TodoListViewController.swift in Sources */ = {isa = PBXBuildFile; fileRef = 6FE4819721A46458002E361A /* TodoListViewController.swift */; };
		6FE4819B21A46458002E361A /* Main.storyboard in Resources */ = {isa = PBXBuildFile; fileRef = 6FE4819921A46458002E361A /* Main.storyboard */; };
		6FE4819D21A46459002E361A /* Assets.xcassets in Resources */ = {isa = PBXBuildFile; fileRef = 6FE4819C21A46459002E361A /* Assets.xcassets */; };
		6FE481A021A46459002E361A /* LaunchScreen.storyboard in Resources */ = {isa = PBXBuildFile; fileRef = 6FE4819E21A46459002E361A /* LaunchScreen.storyboard */; };
		73E1A6CE4DAB1BD19202F278 /* Pods_Todoey.framework in Frameworks */ = {isa = PBXBuildFile; fileRef = 029792419F02DBE172B7B022 /* Pods_Todoey.framework */; };
/* End PBXBuildFile section */

/* Begin PBXFileReference section */
		029792419F02DBE172B7B022 /* Pods_Todoey.framework */ = {isa = PBXFileReference; explicitFileType = wrapper.framework; includeInIndex = 0; path = Pods_Todoey.framework; sourceTree = BUILT_PRODUCTS_DIR; };
		5C345D77C24666845B6B979A /* Pods-Todoey.debug.xcconfig */ = {isa = PBXFileReference; includeInIndex = 1; lastKnownFileType = text.xcconfig; name = "Pods-Todoey.debug.xcconfig"; path = "Pods/Target Support Files/Pods-Todoey/Pods-Todoey.debug.xcconfig"; sourceTree = "<group>"; };
		6F2DFB6421A6FE8B003B6E08 /* CategoryViewController.swift */ = {isa = PBXFileReference; lastKnownFileType = sourcecode.swift; path = CategoryViewController.swift; sourceTree = "<group>"; };
		6FABB11321A8C37B0085B3D0 /* Item.swift */ = {isa = PBXFileReference; lastKnownFileType = sourcecode.swift; path = Item.swift; sourceTree = "<group>"; };
		6FABB11721A8C3BF0085B3D0 /* Category.swift */ = {isa = PBXFileReference; lastKnownFileType = sourcecode.swift; path = Category.swift; sourceTree = "<group>"; };
		6FE4819221A46458002E361A /* Todoey.app */ = {isa = PBXFileReference; explicitFileType = wrapper.application; includeInIndex = 0; path = Todoey.app; sourceTree = BUILT_PRODUCTS_DIR; };
		6FE4819521A46458002E361A /* AppDelegate.swift */ = {isa = PBXFileReference; lastKnownFileType = sourcecode.swift; path = AppDelegate.swift; sourceTree = "<group>"; };
		6FE4819721A46458002E361A /* TodoListViewController.swift */ = {isa = PBXFileReference; lastKnownFileType = sourcecode.swift; path = TodoListViewController.swift; sourceTree = "<group>"; };
		6FE4819A21A46458002E361A /* Base */ = {isa = PBXFileReference; lastKnownFileType = file.storyboard; name = Base; path = Base.lproj/Main.storyboard; sourceTree = "<group>"; };
		6FE4819C21A46459002E361A /* Assets.xcassets */ = {isa = PBXFileReference; lastKnownFileType = folder.assetcatalog; path = Assets.xcassets; sourceTree = "<group>"; };
		6FE4819F21A46459002E361A /* Base */ = {isa = PBXFileReference; lastKnownFileType = file.storyboard; name = Base; path = Base.lproj/LaunchScreen.storyboard; sourceTree = "<group>"; };
		6FE481A121A4645E002E361A /* Info.plist */ = {isa = PBXFileReference; lastKnownFileType = text.plist.xml; path = Info.plist; sourceTree = "<group>"; };
		EDFC82095FE0F56E80ED1AF6 /* Pods-Todoey.release.xcconfig */ = {isa = PBXFileReference; includeInIndex = 1; lastKnownFileType = text.xcconfig; name = "Pods-Todoey.release.xcconfig"; path = "Pods/Target Support Files/Pods-Todoey/Pods-Todoey.release.xcconfig"; sourceTree = "<group>"; };
/* End PBXFileReference section */

/* Begin PBXFrameworksBuildPhase section */
		6FE4818F21A46457002E361A /* Frameworks */ = {
			isa = PBXFrameworksBuildPhase;
			buildActionMask = 2147483647;
			files = (
				73E1A6CE4DAB1BD19202F278 /* Pods_Todoey.framework in Frameworks */,
			);
			runOnlyForDeploymentPostprocessing = 0;
		};
/* End PBXFrameworksBuildPhase section */

/* Begin PBXGroup section */
		1B4998AB2330EDD2235731E6 /* Pods */ = {
			isa = PBXGroup;
			children = (
				5C345D77C24666845B6B979A /* Pods-Todoey.debug.xcconfig */,
				EDFC82095FE0F56E80ED1AF6 /* Pods-Todoey.release.xcconfig */,
			);
			name = Pods;
			sourceTree = "<group>";
		};
		5473E44E1F039B1D15043FC0 /* Frameworks */ = {
			isa = PBXGroup;
			children = (
				029792419F02DBE172B7B022 /* Pods_Todoey.framework */,
			);
			name = Frameworks;
			sourceTree = "<group>";
		};
		6FE4818921A46457002E361A = {
			isa = PBXGroup;
			children = (
				6FE4819421A46458002E361A /* Todoey */,
				6FE4819321A46458002E361A /* Products */,
				1B4998AB2330EDD2235731E6 /* Pods */,
				5473E44E1F039B1D15043FC0 /* Frameworks */,
			);
			sourceTree = "<group>";
		};
		6FE4819321A46458002E361A /* Products */ = {
			isa = PBXGroup;
			children = (
				6FE4819221A46458002E361A /* Todoey.app */,
			);
			name = Products;
			sourceTree = "<group>";
		};
		6FE4819421A46458002E361A /* Todoey */ = {
			isa = PBXGroup;
			children = (
				6FE4819521A46458002E361A /* AppDelegate.swift */,
				6FE481A921A5FB27002E361A /* Data Model */,
				6FE481AA21A5FB3E002E361A /* Controllers */,
				6FE481AB21A5FB62002E361A /* Views */,
				6FE481AC21A5FBB4002E361A /* Supporting Files */,
				6FE481A121A4645E002E361A /* Info.plist */,
			);
			path = Todoey;
			sourceTree = "<group>";
		};
		6FE481A921A5FB27002E361A /* Data Model */ = {
			isa = PBXGroup;
			children = (
				6FABB11721A8C3BF0085B3D0 /* Category.swift */,
				6FABB11321A8C37B0085B3D0 /* Item.swift */,
			);
			path = "Data Model";
			sourceTree = "<group>";
		};
		6FE481AA21A5FB3E002E361A /* Controllers */ = {
			isa = PBXGroup;
			children = (
				6F2DFB6421A6FE8B003B6E08 /* CategoryViewController.swift */,
				6FE4819721A46458002E361A /* TodoListViewController.swift */,
			);
			path = Controllers;
			sourceTree = "<group>";
		};
		6FE481AB21A5FB62002E361A /* Views */ = {
			isa = PBXGroup;
			children = (
				6FE4819921A46458002E361A /* Main.storyboard */,
			);
			path = Views;
			sourceTree = "<group>";
		};
		6FE481AC21A5FBB4002E361A /* Supporting Files */ = {
			isa = PBXGroup;
			children = (
				6FE4819C21A46459002E361A /* Assets.xcassets */,
				6FE4819E21A46459002E361A /* LaunchScreen.storyboard */,
			);
			path = "Supporting Files";
			sourceTree = "<group>";
		};
/* End PBXGroup section */

/* Begin PBXNativeTarget section */
		6FE4819121A46457002E361A /* Todoey */ = {
			isa = PBXNativeTarget;
			buildConfigurationList = 6FE481A421A4645E002E361A /* Build configuration list for PBXNativeTarget "Todoey" */;
			buildPhases = (
				783A2AEA7A4F190822BC4CB5 /* [CP] Check Pods Manifest.lock */,
				6FE4818E21A46457002E361A /* Sources */,
				6FE4818F21A46457002E361A /* Frameworks */,
				6FE4819021A46457002E361A /* Resources */,
				543C33958FA4F24C9650D0BE /* [CP] Embed Pods Frameworks */,
			);
			buildRules = (
			);
			dependencies = (
			);
			name = Todoey;
			productName = Todoey;
			productReference = 6FE4819221A46458002E361A /* Todoey.app */;
			productType = "com.apple.product-type.application";
		};
/* End PBXNativeTarget section */

/* Begin PBXProject section */
		6FE4818A21A46457002E361A /* Project object */ = {
			isa = PBXProject;
			attributes = {
				LastSwiftUpdateCheck = 0920;
				LastUpgradeCheck = 0920;
				ORGANIZATIONNAME = blutech;
				TargetAttributes = {
					6FE4819121A46457002E361A = {
						CreatedOnToolsVersion = 9.2;
						ProvisioningStyle = Automatic;
					};
				};
			};
			buildConfigurationList = 6FE4818D21A46457002E361A /* Build configuration list for PBXProject "Todoey" */;
			compatibilityVersion = "Xcode 8.0";
			developmentRegion = en;
			hasScannedForEncodings = 0;
			knownRegions = (
				en,
				Base,
			);
			mainGroup = 6FE4818921A46457002E361A;
			productRefGroup = 6FE4819321A46458002E361A /* Products */;
			projectDirPath = "";
			projectRoot = "";
			targets = (
				6FE4819121A46457002E361A /* Todoey */,
			);
		};
/* End PBXProject section */

/* Begin PBXResourcesBuildPhase section */
		6FE4819021A46457002E361A /* Resources */ = {
			isa = PBXResourcesBuildPhase;
			buildActionMask = 2147483647;
			files = (
				6FE481A021A46459002E361A /* LaunchScreen.storyboard in Resources */,
				6FE4819D21A46459002E361A /* Assets.xcassets in Resources */,
				6FE4819B21A46458002E361A /* Main.storyboard in Resources */,
			);
			runOnlyForDeploymentPostprocessing = 0;
		};
/* End PBXResourcesBuildPhase section */

/* Begin PBXShellScriptBuildPhase section */
		543C33958FA4F24C9650D0BE /* [CP] Embed Pods Frameworks */ = {
			isa = PBXShellScriptBuildPhase;
			buildActionMask = 2147483647;
			files = (
			);
			inputPaths = (
				"${SRCROOT}/Pods/Target Support Files/Pods-Todoey/Pods-Todoey-frameworks.sh",
				"${BUILT_PRODUCTS_DIR}/Realm/Realm.framework",
				"${BUILT_PRODUCTS_DIR}/RealmSwift/RealmSwift.framework",
			);
			name = "[CP] Embed Pods Frameworks";
			outputPaths = (
				"${TARGET_BUILD_DIR}/${FRAMEWORKS_FOLDER_PATH}/Realm.framework",
				"${TARGET_BUILD_DIR}/${FRAMEWORKS_FOLDER_PATH}/RealmSwift.framework",
			);
			runOnlyForDeploymentPostprocessing = 0;
			shellPath = /bin/sh;
			shellScript = "\"${SRCROOT}/Pods/Target Support Files/Pods-Todoey/Pods-Todoey-frameworks.sh\"\n";
			showEnvVarsInLog = 0;
		};
		783A2AEA7A4F190822BC4CB5 /* [CP] Check Pods Manifest.lock */ = {
			isa = PBXShellScriptBuildPhase;
			buildActionMask = 2147483647;
			files = (
			);
			inputPaths = (
				"${PODS_PODFILE_DIR_PATH}/Podfile.lock",
				"${PODS_ROOT}/Manifest.lock",
			);
			name = "[CP] Check Pods Manifest.lock";
			outputPaths = (
				"$(DERIVED_FILE_DIR)/Pods-Todoey-checkManifestLockResult.txt",
			);
			runOnlyForDeploymentPostprocessing = 0;
			shellPath = /bin/sh;
			shellScript = "diff \"${PODS_PODFILE_DIR_PATH}/Podfile.lock\" \"${PODS_ROOT}/Manifest.lock\" > /dev/null\nif [ $? != 0 ] ; then\n    # print error to STDERR\n    echo \"error: The sandbox is not in sync with the Podfile.lock. Run 'pod install' or update your CocoaPods installation.\" >&2\n    exit 1\nfi\n# This output is used by Xcode 'outputs' to avoid re-running this script phase.\necho \"SUCCESS\" > \"${SCRIPT_OUTPUT_FILE_0}\"\n";
			showEnvVarsInLog = 0;
		};
/* End PBXShellScriptBuildPhase section */

/* Begin PBXSourcesBuildPhase section */
		6FE4818E21A46457002E361A /* Sources */ = {
			isa = PBXSourcesBuildPhase;
			buildActionMask = 2147483647;
			files = (
				6FABB11421A8C37B0085B3D0 /* Item.swift in Sources */,
				6F2DFB6521A6FE8B003B6E08 /* CategoryViewController.swift in Sources */,
				6FE4819821A46458002E361A /* TodoListViewController.swift in Sources */,
				6FE4819621A46458002E361A /* AppDelegate.swift in Sources */,
				6FABB11821A8C3BF0085B3D0 /* Category.swift in Sources */,
			);
			runOnlyForDeploymentPostprocessing = 0;
		};
/* End PBXSourcesBuildPhase section */

/* Begin PBXVariantGroup section */
		6FE4819921A46458002E361A /* Main.storyboard */ = {
			isa = PBXVariantGroup;
			children = (
				6FE4819A21A46458002E361A /* Base */,
			);
			name = Main.storyboard;
			sourceTree = "<group>";
		};
		6FE4819E21A46459002E361A /* LaunchScreen.storyboard */ = {
			isa = PBXVariantGroup;
			children = (
				6FE4819F21A46459002E361A /* Base */,
			);
			name = LaunchScreen.storyboard;
			sourceTree = "<group>";
		};
/* End PBXVariantGroup section */

/* Begin XCBuildConfiguration section */
		6FE481A221A4645E002E361A /* Debug */ = {
			isa = XCBuildConfiguration;
			buildSettings = {
				ALWAYS_SEARCH_USER_PATHS = NO;
				CLANG_ANALYZER_NONNULL = YES;
				CLANG_ANALYZER_NUMBER_OBJECT_CONVERSION = YES_AGGRESSIVE;
				CLANG_CXX_LANGUAGE_STANDARD = "gnu++14";
				CLANG_CXX_LIBRARY = "libc++";
				CLANG_ENABLE_MODULES = YES;
				CLANG_ENABLE_OBJC_ARC = YES;
				CLANG_WARN_BLOCK_CAPTURE_AUTORELEASING = YES;
				CLANG_WARN_BOOL_CONVERSION = YES;
				CLANG_WARN_COMMA = YES;
				CLANG_WARN_CONSTANT_CONVERSION = YES;
				CLANG_WARN_DIRECT_OBJC_ISA_USAGE = YES_ERROR;
				CLANG_WARN_DOCUMENTATION_COMMENTS = YES;
				CLANG_WARN_EMPTY_BODY = YES;
				CLANG_WARN_ENUM_CONVERSION = YES;
				CLANG_WARN_INFINITE_RECURSION = YES;
				CLANG_WARN_INT_CONVERSION = YES;
				CLANG_WARN_NON_LITERAL_NULL_CONVERSION = YES;
				CLANG_WARN_OBJC_LITERAL_CONVERSION = YES;
				CLANG_WARN_OBJC_ROOT_CLASS = YES_ERROR;
				CLANG_WARN_RANGE_LOOP_ANALYSIS = YES;
				CLANG_WARN_STRICT_PROTOTYPES = YES;
				CLANG_WARN_SUSPICIOUS_MOVE = YES;
				CLANG_WARN_UNGUARDED_AVAILABILITY = YES_AGGRESSIVE;
				CLANG_WARN_UNREACHABLE_CODE = YES;
				CLANG_WARN__DUPLICATE_METHOD_MATCH = YES;
				CODE_SIGN_IDENTITY = "iPhone Developer";
				COPY_PHASE_STRIP = NO;
				DEBUG_INFORMATION_FORMAT = dwarf;
				ENABLE_STRICT_OBJC_MSGSEND = YES;
				ENABLE_TESTABILITY = YES;
				GCC_C_LANGUAGE_STANDARD = gnu11;
				GCC_DYNAMIC_NO_PIC = NO;
				GCC_NO_COMMON_BLOCKS = YES;
				GCC_OPTIMIZATION_LEVEL = 0;
				GCC_PREPROCESSOR_DEFINITIONS = (
					"DEBUG=1",
					"$(inherited)",
				);
				GCC_WARN_64_TO_32_BIT_CONVERSION = YES;
				GCC_WARN_ABOUT_RETURN_TYPE = YES_ERROR;
				GCC_WARN_UNDECLARED_SELECTOR = YES;
				GCC_WARN_UNINITIALIZED_AUTOS = YES_AGGRESSIVE;
				GCC_WARN_UNUSED_FUNCTION = YES;
				GCC_WARN_UNUSED_VARIABLE = YES;
				IPHONEOS_DEPLOYMENT_TARGET = 11.2;
				MTL_ENABLE_DEBUG_INFO = YES;
				ONLY_ACTIVE_ARCH = YES;
				SDKROOT = iphoneos;
				SWIFT_ACTIVE_COMPILATION_CONDITIONS = DEBUG;
				SWIFT_OPTIMIZATION_LEVEL = "-Onone";
			};
			name = Debug;
		};
		6FE481A321A4645E002E361A /* Release */ = {
			isa = XCBuildConfiguration;
			buildSettings = {
				ALWAYS_SEARCH_USER_PATHS = NO;
				CLANG_ANALYZER_NONNULL = YES;
				CLANG_ANALYZER_NUMBER_OBJECT_CONVERSION = YES_AGGRESSIVE;
				CLANG_CXX_LANGUAGE_STANDARD = "gnu++14";
				CLANG_CXX_LIBRARY = "libc++";
				CLANG_ENABLE_MODULES = YES;
				CLANG_ENABLE_OBJC_ARC = YES;
				CLANG_WARN_BLOCK_CAPTURE_AUTORELEASING = YES;
				CLANG_WARN_BOOL_CONVERSION = YES;
				CLANG_WARN_COMMA = YES;
				CLANG_WARN_CONSTANT_CONVERSION = YES;
				CLANG_WARN_DIRECT_OBJC_ISA_USAGE = YES_ERROR;
				CLANG_WARN_DOCUMENTATION_COMMENTS = YES;
				CLANG_WARN_EMPTY_BODY = YES;
				CLANG_WARN_ENUM_CONVERSION = YES;
				CLANG_WARN_INFINITE_RECURSION = YES;
				CLANG_WARN_INT_CONVERSION = YES;
				CLANG_WARN_NON_LITERAL_NULL_CONVERSION = YES;
				CLANG_WARN_OBJC_LITERAL_CONVERSION = YES;
				CLANG_WARN_OBJC_ROOT_CLASS = YES_ERROR;
				CLANG_WARN_RANGE_LOOP_ANALYSIS = YES;
				CLANG_WARN_STRICT_PROTOTYPES = YES;
				CLANG_WARN_SUSPICIOUS_MOVE = YES;
				CLANG_WARN_UNGUARDED_AVAILABILITY = YES_AGGRESSIVE;
				CLANG_WARN_UNREACHABLE_CODE = YES;
				CLANG_WARN__DUPLICATE_METHOD_MATCH = YES;
				CODE_SIGN_IDENTITY = "iPhone Developer";
				COPY_PHASE_STRIP = NO;
				DEBUG_INFORMATION_FORMAT = "dwarf-with-dsym";
				ENABLE_NS_ASSERTIONS = NO;
				ENABLE_STRICT_OBJC_MSGSEND = YES;
				GCC_C_LANGUAGE_STANDARD = gnu11;
				GCC_NO_COMMON_BLOCKS = YES;
				GCC_WARN_64_TO_32_BIT_CONVERSION = YES;
				GCC_WARN_ABOUT_RETURN_TYPE = YES_ERROR;
				GCC_WARN_UNDECLARED_SELECTOR = YES;
				GCC_WARN_UNINITIALIZED_AUTOS = YES_AGGRESSIVE;
				GCC_WARN_UNUSED_FUNCTION = YES;
				GCC_WARN_UNUSED_VARIABLE = YES;
				IPHONEOS_DEPLOYMENT_TARGET = 11.2;
				MTL_ENABLE_DEBUG_INFO = NO;
				SDKROOT = iphoneos;
				SWIFT_OPTIMIZATION_LEVEL = "-Owholemodule";
				VALIDATE_PRODUCT = YES;
			};
			name = Release;
		};
		6FE481A521A4645E002E361A /* Debug */ = {
			isa = XCBuildConfiguration;
			baseConfigurationReference = 5C345D77C24666845B6B979A /* Pods-Todoey.debug.xcconfig */;
			buildSettings = {
				ASSETCATALOG_COMPILER_APPICON_NAME = AppIcon;
				CODE_SIGN_STYLE = Automatic;
				INFOPLIST_FILE = Todoey/Info.plist;
				LD_RUNPATH_SEARCH_PATHS = "$(inherited) @executable_path/Frameworks";
				PRODUCT_BUNDLE_IDENTIFIER = com.blutech.Todoey;
				PRODUCT_NAME = "$(TARGET_NAME)";
				SWIFT_VERSION = 4.0;
				TARGETED_DEVICE_FAMILY = "1,2";
			};
			name = Debug;
		};
		6FE481A621A4645E002E361A /* Release */ = {
			isa = XCBuildConfiguration;
			baseConfigurationReference = EDFC82095FE0F56E80ED1AF6 /* Pods-Todoey.release.xcconfig */;
			buildSettings = {
				ASSETCATALOG_COMPILER_APPICON_NAME = AppIcon;
				CODE_SIGN_STYLE = Automatic;
				INFOPLIST_FILE = Todoey/Info.plist;
				LD_RUNPATH_SEARCH_PATHS = "$(inherited) @executable_path/Frameworks";
				PRODUCT_BUNDLE_IDENTIFIER = com.blutech.Todoey;
				PRODUCT_NAME = "$(TARGET_NAME)";
				SWIFT_VERSION = 4.0;
				TARGETED_DEVICE_FAMILY = "1,2";
			};
			name = Release;
		};
/* End XCBuildConfiguration section */

/* Begin XCConfigurationList section */
		6FE4818D21A46457002E361A /* Build configuration list for PBXProject "Todoey" */ = {
			isa = XCConfigurationList;
			buildConfigurations = (
				6FE481A221A4645E002E361A /* Debug */,
				6FE481A321A4645E002E361A /* Release */,
			);
			defaultConfigurationIsVisible = 0;
			defaultConfigurationName = Release;
		};
		6FE481A421A4645E002E361A /* Build configuration list for PBXNativeTarget "Todoey" */ = {
			isa = XCConfigurationList;
			buildConfigurations = (
				6FE481A521A4645E002E361A /* Debug */,
				6FE481A621A4645E002E361A /* Release */,
			);
			defaultConfigurationIsVisible = 0;
			defaultConfigurationName = Release;
		};
/* End XCConfigurationList section */
	};
	rootObject = 6FE4818A21A46457002E361A /* Project object */;
}
